PODS:
  - Swifter (2.4.0)

DEPENDENCIES:
  - Swifter (from `https://github.com/mattdonnelly/Swifter.git`)

EXTERNAL SOURCES:
  Swifter:
    :git: https://github.com/mattdonnelly/Swifter.git

CHECKOUT OPTIONS:
  Swifter:
    :commit: 480c30bdc59cba8be16d70a32207fe8b31fe1876
    :git: https://github.com/mattdonnelly/Swifter.git

SPEC CHECKSUMS:
  Swifter: 0955a05325dc182fabfb1468305aef887180e0f1

PODFILE CHECKSUM: 858e3f3dedea429fd3c2e2d44ac5f5712fe9e9cc

COCOAPODS: 1.9.1
