// !$*UTF8*$!
{
	archiveVersion = 1;
	classes = {
	};
	objectVersion = 51;
	objects = {

/* Begin PBXBuildFile section */
		3EC7300BF5B13A4AD272EE90 /* Pods_MyALLin1_MyALLin1UITests.framework in Frameworks */ = {isa = PBXBuildFile; fileRef = 8C0FF2AC2EF57E110FFBAEB7 /* Pods_MyALLin1_MyALLin1UITests.framework */; };
		4002B523245B7D4800CF06C3 /* ReleaseNotes.swift in Sources */ = {isa = PBXBuildFile; fileRef = 4002B522245B7D4800CF06C3 /* ReleaseNotes.swift */; };
		4002B525245B7DEE00CF06C3 /* DevInfoViewController.swift in Sources */ = {isa = PBXBuildFile; fileRef = 4002B524245B7DEE00CF06C3 /* DevInfoViewController.swift */; };
		4002B527245CBDE500CF06C3 /* QueriesViewController.swift in Sources */ = {isa = PBXBuildFile; fileRef = 4002B526245CBDE500CF06C3 /* QueriesViewController.swift */; };
		402E9E512439148B00BB296F /* WeatherViewController.swift in Sources */ = {isa = PBXBuildFile; fileRef = 402E9E502439148B00BB296F /* WeatherViewController.swift */; };
		402E9E53243914D300BB296F /* WeatherAPIRequest.swift in Sources */ = {isa = PBXBuildFile; fileRef = 402E9E52243914D300BB296F /* WeatherAPIRequest.swift */; };
		402E9E55243914FD00BB296F /* Weather.swift in Sources */ = {isa = PBXBuildFile; fileRef = 402E9E54243914FD00BB296F /* Weather.swift */; };
		40745B94244CDEDF00B968EE /* NewsAPIRequest.swift in Sources */ = {isa = PBXBuildFile; fileRef = 40745B93244CDEDF00B968EE /* NewsAPIRequest.swift */; };
		40745B96244D071B00B968EE /* NewsItem.swift in Sources */ = {isa = PBXBuildFile; fileRef = 40745B95244D071B00B968EE /* NewsItem.swift */; };
		40745B9824508CFC00B968EE /* NewsViewController.swift in Sources */ = {isa = PBXBuildFile; fileRef = 40745B9724508CFC00B968EE /* NewsViewController.swift */; };
		40745B9A2454DF4100B968EE /* NewsDetailViewController.swift in Sources */ = {isa = PBXBuildFile; fileRef = 40745B992454DF4100B968EE /* NewsDetailViewController.swift */; };
		407E1DE4243F7FC000F9CA91 /* CityAPIRequest.swift in Sources */ = {isa = PBXBuildFile; fileRef = 407E1DE3243F7FC000F9CA91 /* CityAPIRequest.swift */; };
		407E1DE6243F899400F9CA91 /* CitySearchViewController.swift in Sources */ = {isa = PBXBuildFile; fileRef = 407E1DE5243F899400F9CA91 /* CitySearchViewController.swift */; };
		407E1DE8243FB0E800F9CA91 /* City.swift in Sources */ = {isa = PBXBuildFile; fileRef = 407E1DE7243FB0E800F9CA91 /* City.swift */; };
		407E1DEF2441086A00F9CA91 /* SavedLocation+CoreDataClass.swift in Sources */ = {isa = PBXBuildFile; fileRef = 407E1DED2441086A00F9CA91 /* SavedLocation+CoreDataClass.swift */; };
		407E1DF02441086A00F9CA91 /* SavedLocation+CoreDataProperties.swift in Sources */ = {isa = PBXBuildFile; fileRef = 407E1DEE2441086A00F9CA91 /* SavedLocation+CoreDataProperties.swift */; };
		407E1DF2244108D300F9CA91 /* SavedLocationManager.swift in Sources */ = {isa = PBXBuildFile; fileRef = 407E1DF1244108D300F9CA91 /* SavedLocationManager.swift */; };
		8467C4BFF0283304EC723D3F /* Pods_MyALLin1.framework in Frameworks */ = {isa = PBXBuildFile; fileRef = 6DF0BB6BC17AA8F41417B4E8 /* Pods_MyALLin1.framework */; };
		A923BC5FE60D753307F95E8D /* Pods_MyALLin1Tests.framework in Frameworks */ = {isa = PBXBuildFile; fileRef = A9A2ECDFFD9B045181BEB8FB /* Pods_MyALLin1Tests.framework */; };
		B6158A3A24494CEF00C74E92 /* DealsViewController.swift in Sources */ = {isa = PBXBuildFile; fileRef = B6158A3924494CEF00C74E92 /* DealsViewController.swift */; };
		B6158A3C24494DA500C74E92 /* DealAPIRequest.swift in Sources */ = {isa = PBXBuildFile; fileRef = B6158A3B24494DA500C74E92 /* DealAPIRequest.swift */; };
		B632FAFE2435E09A0072739E /* MapViewController.swift in Sources */ = {isa = PBXBuildFile; fileRef = B632FAFD2435E09A0072739E /* MapViewController.swift */; };
		B632FB002435EFEB0072739E /* CoreLocation.framework in Frameworks */ = {isa = PBXBuildFile; fileRef = B632FAFF2435EFEB0072739E /* CoreLocation.framework */; };
		B63B4054244AA0000035467A /* DealsCategoryViewController.swift in Sources */ = {isa = PBXBuildFile; fileRef = B63B4053244AA0000035467A /* DealsCategoryViewController.swift */; };
		B6843F9D244984C400070F52 /* DealCategory+CoreDataClass.swift in Sources */ = {isa = PBXBuildFile; fileRef = B6843F9B244984C400070F52 /* DealCategory+CoreDataClass.swift */; };
		B6843F9E244984C400070F52 /* DealCategory+CoreDataProperties.swift in Sources */ = {isa = PBXBuildFile; fileRef = B6843F9C244984C400070F52 /* DealCategory+CoreDataProperties.swift */; };
		B6843FA0244987A600070F52 /* DealCategoryManager.swift in Sources */ = {isa = PBXBuildFile; fileRef = B6843F9F244987A600070F52 /* DealCategoryManager.swift */; };
		B690AE992451B97800F4CD17 /* DealItem.swift in Sources */ = {isa = PBXBuildFile; fileRef = B690AE982451B97800F4CD17 /* DealItem.swift */; };
		B6D89B3C245413AB003942BB /* DealsCell.swift in Sources */ = {isa = PBXBuildFile; fileRef = B6D89B3B245413AB003942BB /* DealsCell.swift */; };
		FA603B902427056E007B47E7 /* AppDelegate.swift in Sources */ = {isa = PBXBuildFile; fileRef = FA603B8F2427056E007B47E7 /* AppDelegate.swift */; };
		FA603B922427056E007B47E7 /* SceneDelegate.swift in Sources */ = {isa = PBXBuildFile; fileRef = FA603B912427056E007B47E7 /* SceneDelegate.swift */; };
		FA603B942427056E007B47E7 /* LoginViewController.swift in Sources */ = {isa = PBXBuildFile; fileRef = FA603B932427056E007B47E7 /* LoginViewController.swift */; };
		FA603B972427056E007B47E7 /* Main.storyboard in Resources */ = {isa = PBXBuildFile; fileRef = FA603B952427056E007B47E7 /* Main.storyboard */; };
		FA603B9A2427056E007B47E7 /* MyALLin1.xcdatamodeld in Sources */ = {isa = PBXBuildFile; fileRef = FA603B982427056E007B47E7 /* MyALLin1.xcdatamodeld */; };
		FA603B9C24270574007B47E7 /* Assets.xcassets in Resources */ = {isa = PBXBuildFile; fileRef = FA603B9B24270574007B47E7 /* Assets.xcassets */; };
		FA603B9F24270574007B47E7 /* LaunchScreen.storyboard in Resources */ = {isa = PBXBuildFile; fileRef = FA603B9D24270574007B47E7 /* LaunchScreen.storyboard */; };
		FA603BAA24270574007B47E7 /* MyALLin1Tests.swift in Sources */ = {isa = PBXBuildFile; fileRef = FA603BA924270574007B47E7 /* MyALLin1Tests.swift */; };
		FA603BB524270574007B47E7 /* MyALLin1UITests.swift in Sources */ = {isa = PBXBuildFile; fileRef = FA603BB424270574007B47E7 /* MyALLin1UITests.swift */; };
/* End PBXBuildFile section */

/* Begin PBXContainerItemProxy section */
		FA603BA624270574007B47E7 /* PBXContainerItemProxy */ = {
			isa = PBXContainerItemProxy;
			containerPortal = FA603B842427056E007B47E7 /* Project object */;
			proxyType = 1;
			remoteGlobalIDString = FA603B8B2427056E007B47E7;
			remoteInfo = MyALLin1;
		};
		FA603BB124270574007B47E7 /* PBXContainerItemProxy */ = {
			isa = PBXContainerItemProxy;
			containerPortal = FA603B842427056E007B47E7 /* Project object */;
			proxyType = 1;
			remoteGlobalIDString = FA603B8B2427056E007B47E7;
			remoteInfo = MyALLin1;
		};
/* End PBXContainerItemProxy section */

/* Begin PBXFileReference section */
		09C0A72F0157CFA3194D4937 /* Pods-MyALLin1-MyALLin1UITests.debug.xcconfig */ = {isa = PBXFileReference; includeInIndex = 1; lastKnownFileType = text.xcconfig; name = "Pods-MyALLin1-MyALLin1UITests.debug.xcconfig"; path = "Target Support Files/Pods-MyALLin1-MyALLin1UITests/Pods-MyALLin1-MyALLin1UITests.debug.xcconfig"; sourceTree = "<group>"; };
		4002B522245B7D4800CF06C3 /* ReleaseNotes.swift */ = {isa = PBXFileReference; lastKnownFileType = sourcecode.swift; path = ReleaseNotes.swift; sourceTree = "<group>"; };
		4002B524245B7DEE00CF06C3 /* DevInfoViewController.swift */ = {isa = PBXFileReference; lastKnownFileType = sourcecode.swift; path = DevInfoViewController.swift; sourceTree = "<group>"; };
		4002B526245CBDE500CF06C3 /* QueriesViewController.swift */ = {isa = PBXFileReference; lastKnownFileType = sourcecode.swift; path = QueriesViewController.swift; sourceTree = "<group>"; };
		402E9E502439148B00BB296F /* WeatherViewController.swift */ = {isa = PBXFileReference; lastKnownFileType = sourcecode.swift; path = WeatherViewController.swift; sourceTree = "<group>"; };
		402E9E52243914D300BB296F /* WeatherAPIRequest.swift */ = {isa = PBXFileReference; lastKnownFileType = sourcecode.swift; path = WeatherAPIRequest.swift; sourceTree = "<group>"; };
		402E9E54243914FD00BB296F /* Weather.swift */ = {isa = PBXFileReference; lastKnownFileType = sourcecode.swift; path = Weather.swift; sourceTree = "<group>"; };
		40745B93244CDEDF00B968EE /* NewsAPIRequest.swift */ = {isa = PBXFileReference; lastKnownFileType = sourcecode.swift; path = NewsAPIRequest.swift; sourceTree = "<group>"; };
		40745B95244D071B00B968EE /* NewsItem.swift */ = {isa = PBXFileReference; lastKnownFileType = sourcecode.swift; path = NewsItem.swift; sourceTree = "<group>"; };
		40745B9724508CFC00B968EE /* NewsViewController.swift */ = {isa = PBXFileReference; lastKnownFileType = sourcecode.swift; path = NewsViewController.swift; sourceTree = "<group>"; };
		40745B992454DF4100B968EE /* NewsDetailViewController.swift */ = {isa = PBXFileReference; lastKnownFileType = sourcecode.swift; path = NewsDetailViewController.swift; sourceTree = "<group>"; };
		407E1DE3243F7FC000F9CA91 /* CityAPIRequest.swift */ = {isa = PBXFileReference; lastKnownFileType = sourcecode.swift; path = CityAPIRequest.swift; sourceTree = "<group>"; };
		407E1DE5243F899400F9CA91 /* CitySearchViewController.swift */ = {isa = PBXFileReference; lastKnownFileType = sourcecode.swift; path = CitySearchViewController.swift; sourceTree = "<group>"; };
		407E1DE7243FB0E800F9CA91 /* City.swift */ = {isa = PBXFileReference; lastKnownFileType = sourcecode.swift; path = City.swift; sourceTree = "<group>"; };
		407E1DED2441086A00F9CA91 /* SavedLocation+CoreDataClass.swift */ = {isa = PBXFileReference; lastKnownFileType = sourcecode.swift; path = "SavedLocation+CoreDataClass.swift"; sourceTree = "<group>"; };
		407E1DEE2441086A00F9CA91 /* SavedLocation+CoreDataProperties.swift */ = {isa = PBXFileReference; lastKnownFileType = sourcecode.swift; path = "SavedLocation+CoreDataProperties.swift"; sourceTree = "<group>"; };
		407E1DF1244108D300F9CA91 /* SavedLocationManager.swift */ = {isa = PBXFileReference; lastKnownFileType = sourcecode.swift; path = SavedLocationManager.swift; sourceTree = "<group>"; };
		5EA2F4B2F8C2E14708F43191 /* Pods-MyALLin1-MyALLin1UITests.release.xcconfig */ = {isa = PBXFileReference; includeInIndex = 1; lastKnownFileType = text.xcconfig; name = "Pods-MyALLin1-MyALLin1UITests.release.xcconfig"; path = "Target Support Files/Pods-MyALLin1-MyALLin1UITests/Pods-MyALLin1-MyALLin1UITests.release.xcconfig"; sourceTree = "<group>"; };
		6DF0BB6BC17AA8F41417B4E8 /* Pods_MyALLin1.framework */ = {isa = PBXFileReference; explicitFileType = wrapper.framework; includeInIndex = 0; path = Pods_MyALLin1.framework; sourceTree = BUILT_PRODUCTS_DIR; };
		81A6E5DA0E5CDA4FD112AB85 /* Pods-MyALLin1.debug.xcconfig */ = {isa = PBXFileReference; includeInIndex = 1; lastKnownFileType = text.xcconfig; name = "Pods-MyALLin1.debug.xcconfig"; path = "Target Support Files/Pods-MyALLin1/Pods-MyALLin1.debug.xcconfig"; sourceTree = "<group>"; };
		84876D70DAA39E3A3A2F98A5 /* Pods-MyALLin1.release.xcconfig */ = {isa = PBXFileReference; includeInIndex = 1; lastKnownFileType = text.xcconfig; name = "Pods-MyALLin1.release.xcconfig"; path = "Target Support Files/Pods-MyALLin1/Pods-MyALLin1.release.xcconfig"; sourceTree = "<group>"; };
		8C0FF2AC2EF57E110FFBAEB7 /* Pods_MyALLin1_MyALLin1UITests.framework */ = {isa = PBXFileReference; explicitFileType = wrapper.framework; includeInIndex = 0; path = Pods_MyALLin1_MyALLin1UITests.framework; sourceTree = BUILT_PRODUCTS_DIR; };
		A9A2ECDFFD9B045181BEB8FB /* Pods_MyALLin1Tests.framework */ = {isa = PBXFileReference; explicitFileType = wrapper.framework; includeInIndex = 0; path = Pods_MyALLin1Tests.framework; sourceTree = BUILT_PRODUCTS_DIR; };
		B6158A3924494CEF00C74E92 /* DealsViewController.swift */ = {isa = PBXFileReference; lastKnownFileType = sourcecode.swift; path = DealsViewController.swift; sourceTree = "<group>"; };
		B6158A3B24494DA500C74E92 /* DealAPIRequest.swift */ = {isa = PBXFileReference; lastKnownFileType = sourcecode.swift; path = DealAPIRequest.swift; sourceTree = "<group>"; };
		B632FAFD2435E09A0072739E /* MapViewController.swift */ = {isa = PBXFileReference; lastKnownFileType = sourcecode.swift; path = MapViewController.swift; sourceTree = "<group>"; };
		B632FAFF2435EFEB0072739E /* CoreLocation.framework */ = {isa = PBXFileReference; lastKnownFileType = wrapper.framework; name = CoreLocation.framework; path = System/Library/Frameworks/CoreLocation.framework; sourceTree = SDKROOT; };
		B63B4053244AA0000035467A /* DealsCategoryViewController.swift */ = {isa = PBXFileReference; lastKnownFileType = sourcecode.swift; path = DealsCategoryViewController.swift; sourceTree = "<group>"; };
		B6843F9B244984C400070F52 /* DealCategory+CoreDataClass.swift */ = {isa = PBXFileReference; lastKnownFileType = sourcecode.swift; path = "DealCategory+CoreDataClass.swift"; sourceTree = "<group>"; };
		B6843F9C244984C400070F52 /* DealCategory+CoreDataProperties.swift */ = {isa = PBXFileReference; lastKnownFileType = sourcecode.swift; path = "DealCategory+CoreDataProperties.swift"; sourceTree = "<group>"; };
		B6843F9F244987A600070F52 /* DealCategoryManager.swift */ = {isa = PBXFileReference; lastKnownFileType = sourcecode.swift; path = DealCategoryManager.swift; sourceTree = "<group>"; };
		B690AE982451B97800F4CD17 /* DealItem.swift */ = {isa = PBXFileReference; lastKnownFileType = sourcecode.swift; path = DealItem.swift; sourceTree = "<group>"; };
		B6D89B3B245413AB003942BB /* DealsCell.swift */ = {isa = PBXFileReference; lastKnownFileType = sourcecode.swift; path = DealsCell.swift; sourceTree = "<group>"; };
		BEBB07100949738F80F5107A /* Pods-MyALLin1Tests.release.xcconfig */ = {isa = PBXFileReference; includeInIndex = 1; lastKnownFileType = text.xcconfig; name = "Pods-MyALLin1Tests.release.xcconfig"; path = "Target Support Files/Pods-MyALLin1Tests/Pods-MyALLin1Tests.release.xcconfig"; sourceTree = "<group>"; };
		C21B14C6190C377A4AE6B23C /* Pods-MyALLin1Tests.debug.xcconfig */ = {isa = PBXFileReference; includeInIndex = 1; lastKnownFileType = text.xcconfig; name = "Pods-MyALLin1Tests.debug.xcconfig"; path = "Target Support Files/Pods-MyALLin1Tests/Pods-MyALLin1Tests.debug.xcconfig"; sourceTree = "<group>"; };
		FA603B8C2427056E007B47E7 /* MyALLin1.app */ = {isa = PBXFileReference; explicitFileType = wrapper.application; includeInIndex = 0; path = MyALLin1.app; sourceTree = BUILT_PRODUCTS_DIR; };
		FA603B8F2427056E007B47E7 /* AppDelegate.swift */ = {isa = PBXFileReference; lastKnownFileType = sourcecode.swift; path = AppDelegate.swift; sourceTree = "<group>"; };
		FA603B912427056E007B47E7 /* SceneDelegate.swift */ = {isa = PBXFileReference; lastKnownFileType = sourcecode.swift; path = SceneDelegate.swift; sourceTree = "<group>"; };
		FA603B932427056E007B47E7 /* LoginViewController.swift */ = {isa = PBXFileReference; lastKnownFileType = sourcecode.swift; path = LoginViewController.swift; sourceTree = "<group>"; };
		FA603B962427056E007B47E7 /* Base */ = {isa = PBXFileReference; lastKnownFileType = file.storyboard; name = Base; path = Base.lproj/Main.storyboard; sourceTree = "<group>"; };
		FA603B992427056E007B47E7 /* MyALLin1.xcdatamodel */ = {isa = PBXFileReference; lastKnownFileType = wrapper.xcdatamodel; path = MyALLin1.xcdatamodel; sourceTree = "<group>"; };
		FA603B9B24270574007B47E7 /* Assets.xcassets */ = {isa = PBXFileReference; lastKnownFileType = folder.assetcatalog; path = Assets.xcassets; sourceTree = "<group>"; };
		FA603B9E24270574007B47E7 /* Base */ = {isa = PBXFileReference; lastKnownFileType = file.storyboard; name = Base; path = Base.lproj/LaunchScreen.storyboard; sourceTree = "<group>"; };
		FA603BA024270574007B47E7 /* Info.plist */ = {isa = PBXFileReference; lastKnownFileType = text.plist.xml; path = Info.plist; sourceTree = "<group>"; };
		FA603BA524270574007B47E7 /* MyALLin1Tests.xctest */ = {isa = PBXFileReference; explicitFileType = wrapper.cfbundle; includeInIndex = 0; path = MyALLin1Tests.xctest; sourceTree = BUILT_PRODUCTS_DIR; };
		FA603BA924270574007B47E7 /* MyALLin1Tests.swift */ = {isa = PBXFileReference; lastKnownFileType = sourcecode.swift; path = MyALLin1Tests.swift; sourceTree = "<group>"; };
		FA603BAB24270574007B47E7 /* Info.plist */ = {isa = PBXFileReference; lastKnownFileType = text.plist.xml; path = Info.plist; sourceTree = "<group>"; };
		FA603BB024270574007B47E7 /* MyALLin1UITests.xctest */ = {isa = PBXFileReference; explicitFileType = wrapper.cfbundle; includeInIndex = 0; path = MyALLin1UITests.xctest; sourceTree = BUILT_PRODUCTS_DIR; };
		FA603BB424270574007B47E7 /* MyALLin1UITests.swift */ = {isa = PBXFileReference; lastKnownFileType = sourcecode.swift; path = MyALLin1UITests.swift; sourceTree = "<group>"; };
		FA603BB624270574007B47E7 /* Info.plist */ = {isa = PBXFileReference; lastKnownFileType = text.plist.xml; path = Info.plist; sourceTree = "<group>"; };
/* End PBXFileReference section */

/* Begin PBXFrameworksBuildPhase section */
		FA603B892427056E007B47E7 /* Frameworks */ = {
			isa = PBXFrameworksBuildPhase;
			buildActionMask = 2147483647;
			files = (
				B632FB002435EFEB0072739E /* CoreLocation.framework in Frameworks */,
				8467C4BFF0283304EC723D3F /* Pods_MyALLin1.framework in Frameworks */,
			);
			runOnlyForDeploymentPostprocessing = 0;
		};
		FA603BA224270574007B47E7 /* Frameworks */ = {
			isa = PBXFrameworksBuildPhase;
			buildActionMask = 2147483647;
			files = (
				A923BC5FE60D753307F95E8D /* Pods_MyALLin1Tests.framework in Frameworks */,
			);
			runOnlyForDeploymentPostprocessing = 0;
		};
		FA603BAD24270574007B47E7 /* Frameworks */ = {
			isa = PBXFrameworksBuildPhase;
			buildActionMask = 2147483647;
			files = (
				3EC7300BF5B13A4AD272EE90 /* Pods_MyALLin1_MyALLin1UITests.framework in Frameworks */,
			);
			runOnlyForDeploymentPostprocessing = 0;
		};
/* End PBXFrameworksBuildPhase section */

/* Begin PBXGroup section */
		50F4D15CB2579B0F5FE369C6 /* Frameworks */ = {
			isa = PBXGroup;
			children = (
				B632FAFF2435EFEB0072739E /* CoreLocation.framework */,
				6DF0BB6BC17AA8F41417B4E8 /* Pods_MyALLin1.framework */,
				8C0FF2AC2EF57E110FFBAEB7 /* Pods_MyALLin1_MyALLin1UITests.framework */,
				A9A2ECDFFD9B045181BEB8FB /* Pods_MyALLin1Tests.framework */,
			);
			name = Frameworks;
			sourceTree = "<group>";
		};
		5F9AE5A39C96FC982143D556 /* Pods */ = {
			isa = PBXGroup;
			children = (
				81A6E5DA0E5CDA4FD112AB85 /* Pods-MyALLin1.debug.xcconfig */,
				84876D70DAA39E3A3A2F98A5 /* Pods-MyALLin1.release.xcconfig */,
				09C0A72F0157CFA3194D4937 /* Pods-MyALLin1-MyALLin1UITests.debug.xcconfig */,
				5EA2F4B2F8C2E14708F43191 /* Pods-MyALLin1-MyALLin1UITests.release.xcconfig */,
				C21B14C6190C377A4AE6B23C /* Pods-MyALLin1Tests.debug.xcconfig */,
				BEBB07100949738F80F5107A /* Pods-MyALLin1Tests.release.xcconfig */,
			);
			path = Pods;
			sourceTree = "<group>";
		};
		FA603B832427056E007B47E7 = {
			isa = PBXGroup;
			children = (
				FA603B8E2427056E007B47E7 /* MyALLin1 */,
				FA603BA824270574007B47E7 /* MyALLin1Tests */,
				FA603BB324270574007B47E7 /* MyALLin1UITests */,
				FA603B8D2427056E007B47E7 /* Products */,
				5F9AE5A39C96FC982143D556 /* Pods */,
				50F4D15CB2579B0F5FE369C6 /* Frameworks */,
			);
			sourceTree = "<group>";
		};
		FA603B8D2427056E007B47E7 /* Products */ = {
			isa = PBXGroup;
			children = (
				FA603B8C2427056E007B47E7 /* MyALLin1.app */,
				FA603BA524270574007B47E7 /* MyALLin1Tests.xctest */,
				FA603BB024270574007B47E7 /* MyALLin1UITests.xctest */,
			);
			name = Products;
			sourceTree = "<group>";
		};
		FA603B8E2427056E007B47E7 /* MyALLin1 */ = {
			isa = PBXGroup;
			children = (
				FA603BC4242706C1007B47E7 /* View */,
				FA603BC62427074E007B47E7 /* View Controller */,
				FA603BC2242706A7007B47E7 /* Model */,
				FA603BC5242706F6007B47E7 /* Application */,
				FA603BA024270574007B47E7 /* Info.plist */,
				FA603B9B24270574007B47E7 /* Assets.xcassets */,
			);
			path = MyALLin1;
			sourceTree = "<group>";
		};
		FA603BA824270574007B47E7 /* MyALLin1Tests */ = {
			isa = PBXGroup;
			children = (
				FA603BA924270574007B47E7 /* MyALLin1Tests.swift */,
				FA603BAB24270574007B47E7 /* Info.plist */,
			);
			path = MyALLin1Tests;
			sourceTree = "<group>";
		};
		FA603BB324270574007B47E7 /* MyALLin1UITests */ = {
			isa = PBXGroup;
			children = (
				FA603BB424270574007B47E7 /* MyALLin1UITests.swift */,
				FA603BB624270574007B47E7 /* Info.plist */,
			);
			path = MyALLin1UITests;
			sourceTree = "<group>";
		};
		FA603BC2242706A7007B47E7 /* Model */ = {
			isa = PBXGroup;
			children = (
				B6843F9B244984C400070F52 /* DealCategory+CoreDataClass.swift */,
				B6843F9C244984C400070F52 /* DealCategory+CoreDataProperties.swift */,
				407E1DED2441086A00F9CA91 /* SavedLocation+CoreDataClass.swift */,
				407E1DEE2441086A00F9CA91 /* SavedLocation+CoreDataProperties.swift */,
				FA603B982427056E007B47E7 /* MyALLin1.xcdatamodeld */,
				402E9E52243914D300BB296F /* WeatherAPIRequest.swift */,
				402E9E54243914FD00BB296F /* Weather.swift */,
				407E1DE3243F7FC000F9CA91 /* CityAPIRequest.swift */,
				407E1DE7243FB0E800F9CA91 /* City.swift */,
				407E1DF1244108D300F9CA91 /* SavedLocationManager.swift */,
				40745B93244CDEDF00B968EE /* NewsAPIRequest.swift */,
				40745B95244D071B00B968EE /* NewsItem.swift */,
				4002B522245B7D4800CF06C3 /* ReleaseNotes.swift */,
				B6158A3B24494DA500C74E92 /* DealAPIRequest.swift */,
				B6843F9F244987A600070F52 /* DealCategoryManager.swift */,
				B690AE982451B97800F4CD17 /* DealItem.swift */,
			);
			path = Model;
			sourceTree = "<group>";
		};
		FA603BC4242706C1007B47E7 /* View */ = {
			isa = PBXGroup;
			children = (
				FA603B9D24270574007B47E7 /* LaunchScreen.storyboard */,
				FA603B952427056E007B47E7 /* Main.storyboard */,
			);
			path = View;
			sourceTree = "<group>";
		};
		FA603BC5242706F6007B47E7 /* Application */ = {
			isa = PBXGroup;
			children = (
				FA603B8F2427056E007B47E7 /* AppDelegate.swift */,
				FA603B912427056E007B47E7 /* SceneDelegate.swift */,
			);
			path = Application;
			sourceTree = "<group>";
		};
		FA603BC62427074E007B47E7 /* View Controller */ = {
			isa = PBXGroup;
			children = (
				FA603B932427056E007B47E7 /* LoginViewController.swift */,
				B632FAFD2435E09A0072739E /* MapViewController.swift */,
				402E9E502439148B00BB296F /* WeatherViewController.swift */,
				407E1DE5243F899400F9CA91 /* CitySearchViewController.swift */,
				40745B9724508CFC00B968EE /* NewsViewController.swift */,
				40745B992454DF4100B968EE /* NewsDetailViewController.swift */,
				4002B524245B7DEE00CF06C3 /* DevInfoViewController.swift */,
				4002B526245CBDE500CF06C3 /* QueriesViewController.swift */,
				B6158A3924494CEF00C74E92 /* DealsViewController.swift */,
				B6D89B3B245413AB003942BB /* DealsCell.swift */,
				B63B4053244AA0000035467A /* DealsCategoryViewController.swift */,
			);
			path = "View Controller";
			sourceTree = "<group>";
		};
/* End PBXGroup section */

/* Begin PBXNativeTarget section */
		FA603B8B2427056E007B47E7 /* MyALLin1 */ = {
			isa = PBXNativeTarget;
			buildConfigurationList = FA603BB924270574007B47E7 /* Build configuration list for PBXNativeTarget "MyALLin1" */;
			buildPhases = (
				2ED590CC24D7FFD65993867D /* [CP] Check Pods Manifest.lock */,
				FA603B882427056E007B47E7 /* Sources */,
				FA603B892427056E007B47E7 /* Frameworks */,
				FA603B8A2427056E007B47E7 /* Resources */,
				99EE4BA1F31F47202CDAAD2B /* [CP] Embed Pods Frameworks */,
			);
			buildRules = (
			);
			dependencies = (
			);
			name = MyALLin1;
			productName = MyALLin1;
			productReference = FA603B8C2427056E007B47E7 /* MyALLin1.app */;
			productType = "com.apple.product-type.application";
		};
		FA603BA424270574007B47E7 /* MyALLin1Tests */ = {
			isa = PBXNativeTarget;
			buildConfigurationList = FA603BBC24270574007B47E7 /* Build configuration list for PBXNativeTarget "MyALLin1Tests" */;
			buildPhases = (
				6A79A6CAB71F566D32663CB0 /* [CP] Check Pods Manifest.lock */,
				FA603BA124270574007B47E7 /* Sources */,
				FA603BA224270574007B47E7 /* Frameworks */,
				FA603BA324270574007B47E7 /* Resources */,
			);
			buildRules = (
			);
			dependencies = (
				FA603BA724270574007B47E7 /* PBXTargetDependency */,
			);
			name = MyALLin1Tests;
			productName = MyALLin1Tests;
			productReference = FA603BA524270574007B47E7 /* MyALLin1Tests.xctest */;
			productType = "com.apple.product-type.bundle.unit-test";
		};
		FA603BAF24270574007B47E7 /* MyALLin1UITests */ = {
			isa = PBXNativeTarget;
			buildConfigurationList = FA603BBF24270574007B47E7 /* Build configuration list for PBXNativeTarget "MyALLin1UITests" */;
			buildPhases = (
				89C11B0B2563A68E3F5E7B7E /* [CP] Check Pods Manifest.lock */,
				FA603BAC24270574007B47E7 /* Sources */,
				FA603BAD24270574007B47E7 /* Frameworks */,
				FA603BAE24270574007B47E7 /* Resources */,
				6B5E7E5B440E37D5EA984E6A /* [CP] Embed Pods Frameworks */,
			);
			buildRules = (
			);
			dependencies = (
				FA603BB224270574007B47E7 /* PBXTargetDependency */,
			);
			name = MyALLin1UITests;
			productName = MyALLin1UITests;
			productReference = FA603BB024270574007B47E7 /* MyALLin1UITests.xctest */;
			productType = "com.apple.product-type.bundle.ui-testing";
		};
/* End PBXNativeTarget section */

/* Begin PBXProject section */
		FA603B842427056E007B47E7 /* Project object */ = {
			isa = PBXProject;
			attributes = {
				LastSwiftUpdateCheck = 1130;
				LastUpgradeCheck = 1130;
				ORGANIZATIONNAME = MyALLin1;
				TargetAttributes = {
					FA603B8B2427056E007B47E7 = {
						CreatedOnToolsVersion = 11.3.1;
					};
					FA603BA424270574007B47E7 = {
						CreatedOnToolsVersion = 11.3.1;
						TestTargetID = FA603B8B2427056E007B47E7;
					};
					FA603BAF24270574007B47E7 = {
						CreatedOnToolsVersion = 11.3.1;
						TestTargetID = FA603B8B2427056E007B47E7;
					};
				};
			};
			buildConfigurationList = FA603B872427056E007B47E7 /* Build configuration list for PBXProject "MyALLin1" */;
			compatibilityVersion = "Xcode 10.0";
			developmentRegion = en;
			hasScannedForEncodings = 0;
			knownRegions = (
				en,
				Base,
			);
			mainGroup = FA603B832427056E007B47E7;
			productRefGroup = FA603B8D2427056E007B47E7 /* Products */;
			projectDirPath = "";
			projectRoot = "";
			targets = (
				FA603B8B2427056E007B47E7 /* MyALLin1 */,
				FA603BA424270574007B47E7 /* MyALLin1Tests */,
				FA603BAF24270574007B47E7 /* MyALLin1UITests */,
			);
		};
/* End PBXProject section */

/* Begin PBXResourcesBuildPhase section */
		FA603B8A2427056E007B47E7 /* Resources */ = {
			isa = PBXResourcesBuildPhase;
			buildActionMask = 2147483647;
			files = (
				FA603B9F24270574007B47E7 /* LaunchScreen.storyboard in Resources */,
				FA603B9C24270574007B47E7 /* Assets.xcassets in Resources */,
				FA603B972427056E007B47E7 /* Main.storyboard in Resources */,
			);
			runOnlyForDeploymentPostprocessing = 0;
		};
		FA603BA324270574007B47E7 /* Resources */ = {
			isa = PBXResourcesBuildPhase;
			buildActionMask = 2147483647;
			files = (
			);
			runOnlyForDeploymentPostprocessing = 0;
		};
		FA603BAE24270574007B47E7 /* Resources */ = {
			isa = PBXResourcesBuildPhase;
			buildActionMask = 2147483647;
			files = (
			);
			runOnlyForDeploymentPostprocessing = 0;
		};
/* End PBXResourcesBuildPhase section */

/* Begin PBXShellScriptBuildPhase section */
		2ED590CC24D7FFD65993867D /* [CP] Check Pods Manifest.lock */ = {
			isa = PBXShellScriptBuildPhase;
			buildActionMask = 2147483647;
			files = (
			);
			inputFileListPaths = (
			);
			inputPaths = (
				"${PODS_PODFILE_DIR_PATH}/Podfile.lock",
				"${PODS_ROOT}/Manifest.lock",
			);
			name = "[CP] Check Pods Manifest.lock";
			outputFileListPaths = (
			);
			outputPaths = (
				"$(DERIVED_FILE_DIR)/Pods-MyALLin1-checkManifestLockResult.txt",
			);
			runOnlyForDeploymentPostprocessing = 0;
			shellPath = /bin/sh;
			shellScript = "diff \"${PODS_PODFILE_DIR_PATH}/Podfile.lock\" \"${PODS_ROOT}/Manifest.lock\" > /dev/null\nif [ $? != 0 ] ; then\n    # print error to STDERR\n    echo \"error: The sandbox is not in sync with the Podfile.lock. Run 'pod install' or update your CocoaPods installation.\" >&2\n    exit 1\nfi\n# This output is used by Xcode 'outputs' to avoid re-running this script phase.\necho \"SUCCESS\" > \"${SCRIPT_OUTPUT_FILE_0}\"\n";
			showEnvVarsInLog = 0;
		};
		6A79A6CAB71F566D32663CB0 /* [CP] Check Pods Manifest.lock */ = {
			isa = PBXShellScriptBuildPhase;
			buildActionMask = 2147483647;
			files = (
			);
			inputFileListPaths = (
			);
			inputPaths = (
				"${PODS_PODFILE_DIR_PATH}/Podfile.lock",
				"${PODS_ROOT}/Manifest.lock",
			);
			name = "[CP] Check Pods Manifest.lock";
			outputFileListPaths = (
			);
			outputPaths = (
				"$(DERIVED_FILE_DIR)/Pods-MyALLin1Tests-checkManifestLockResult.txt",
			);
			runOnlyForDeploymentPostprocessing = 0;
			shellPath = /bin/sh;
			shellScript = "diff \"${PODS_PODFILE_DIR_PATH}/Podfile.lock\" \"${PODS_ROOT}/Manifest.lock\" > /dev/null\nif [ $? != 0 ] ; then\n    # print error to STDERR\n    echo \"error: The sandbox is not in sync with the Podfile.lock. Run 'pod install' or update your CocoaPods installation.\" >&2\n    exit 1\nfi\n# This output is used by Xcode 'outputs' to avoid re-running this script phase.\necho \"SUCCESS\" > \"${SCRIPT_OUTPUT_FILE_0}\"\n";
			showEnvVarsInLog = 0;
		};
		6B5E7E5B440E37D5EA984E6A /* [CP] Embed Pods Frameworks */ = {
			isa = PBXShellScriptBuildPhase;
			buildActionMask = 2147483647;
			files = (
			);
			inputFileListPaths = (
				"${PODS_ROOT}/Target Support Files/Pods-MyALLin1-MyALLin1UITests/Pods-MyALLin1-MyALLin1UITests-frameworks-${CONFIGURATION}-input-files.xcfilelist",
			);
			name = "[CP] Embed Pods Frameworks";
			outputFileListPaths = (
				"${PODS_ROOT}/Target Support Files/Pods-MyALLin1-MyALLin1UITests/Pods-MyALLin1-MyALLin1UITests-frameworks-${CONFIGURATION}-output-files.xcfilelist",
			);
			runOnlyForDeploymentPostprocessing = 0;
			shellPath = /bin/sh;
			shellScript = "\"${PODS_ROOT}/Target Support Files/Pods-MyALLin1-MyALLin1UITests/Pods-MyALLin1-MyALLin1UITests-frameworks.sh\"\n";
			showEnvVarsInLog = 0;
		};
		89C11B0B2563A68E3F5E7B7E /* [CP] Check Pods Manifest.lock */ = {
			isa = PBXShellScriptBuildPhase;
			buildActionMask = 2147483647;
			files = (
			);
			inputFileListPaths = (
			);
			inputPaths = (
				"${PODS_PODFILE_DIR_PATH}/Podfile.lock",
				"${PODS_ROOT}/Manifest.lock",
			);
			name = "[CP] Check Pods Manifest.lock";
			outputFileListPaths = (
			);
			outputPaths = (
				"$(DERIVED_FILE_DIR)/Pods-MyALLin1-MyALLin1UITests-checkManifestLockResult.txt",
			);
			runOnlyForDeploymentPostprocessing = 0;
			shellPath = /bin/sh;
			shellScript = "diff \"${PODS_PODFILE_DIR_PATH}/Podfile.lock\" \"${PODS_ROOT}/Manifest.lock\" > /dev/null\nif [ $? != 0 ] ; then\n    # print error to STDERR\n    echo \"error: The sandbox is not in sync with the Podfile.lock. Run 'pod install' or update your CocoaPods installation.\" >&2\n    exit 1\nfi\n# This output is used by Xcode 'outputs' to avoid re-running this script phase.\necho \"SUCCESS\" > \"${SCRIPT_OUTPUT_FILE_0}\"\n";
			showEnvVarsInLog = 0;
		};
		99EE4BA1F31F47202CDAAD2B /* [CP] Embed Pods Frameworks */ = {
			isa = PBXShellScriptBuildPhase;
			buildActionMask = 2147483647;
			files = (
			);
			inputFileListPaths = (
				"${PODS_ROOT}/Target Support Files/Pods-MyALLin1/Pods-MyALLin1-frameworks-${CONFIGURATION}-input-files.xcfilelist",
			);
			name = "[CP] Embed Pods Frameworks";
			outputFileListPaths = (
				"${PODS_ROOT}/Target Support Files/Pods-MyALLin1/Pods-MyALLin1-frameworks-${CONFIGURATION}-output-files.xcfilelist",
			);
			runOnlyForDeploymentPostprocessing = 0;
			shellPath = /bin/sh;
			shellScript = "\"${PODS_ROOT}/Target Support Files/Pods-MyALLin1/Pods-MyALLin1-frameworks.sh\"\n";
			showEnvVarsInLog = 0;
		};
/* End PBXShellScriptBuildPhase section */

/* Begin PBXSourcesBuildPhase section */
		FA603B882427056E007B47E7 /* Sources */ = {
			isa = PBXSourcesBuildPhase;
			buildActionMask = 2147483647;
			files = (
				B690AE992451B97800F4CD17 /* DealItem.swift in Sources */,
				402E9E55243914FD00BB296F /* Weather.swift in Sources */,
				FA603B9A2427056E007B47E7 /* MyALLin1.xcdatamodeld in Sources */,
				B6158A3A24494CEF00C74E92 /* DealsViewController.swift in Sources */,
				407E1DF02441086A00F9CA91 /* SavedLocation+CoreDataProperties.swift in Sources */,
				402E9E512439148B00BB296F /* WeatherViewController.swift in Sources */,
				407E1DE4243F7FC000F9CA91 /* CityAPIRequest.swift in Sources */,
				40745B96244D071B00B968EE /* NewsItem.swift in Sources */,
				40745B9A2454DF4100B968EE /* NewsDetailViewController.swift in Sources */,
				402E9E53243914D300BB296F /* WeatherAPIRequest.swift in Sources */,
				4002B525245B7DEE00CF06C3 /* DevInfoViewController.swift in Sources */,
				B6843F9D244984C400070F52 /* DealCategory+CoreDataClass.swift in Sources */,
				407E1DF2244108D300F9CA91 /* SavedLocationManager.swift in Sources */,
				40745B94244CDEDF00B968EE /* NewsAPIRequest.swift in Sources */,
				FA603B942427056E007B47E7 /* LoginViewController.swift in Sources */,
				FA603B902427056E007B47E7 /* AppDelegate.swift in Sources */,
				B6843FA0244987A600070F52 /* DealCategoryManager.swift in Sources */,
				407E1DE8243FB0E800F9CA91 /* City.swift in Sources */,
				4002B527245CBDE500CF06C3 /* QueriesViewController.swift in Sources */,
				40745B9824508CFC00B968EE /* NewsViewController.swift in Sources */,
				407E1DEF2441086A00F9CA91 /* SavedLocation+CoreDataClass.swift in Sources */,
				B63B4054244AA0000035467A /* DealsCategoryViewController.swift in Sources */,
				B6158A3C24494DA500C74E92 /* DealAPIRequest.swift in Sources */,
				407E1DE6243F899400F9CA91 /* CitySearchViewController.swift in Sources */,
				4002B523245B7D4800CF06C3 /* ReleaseNotes.swift in Sources */,
				B6843F9E244984C400070F52 /* DealCategory+CoreDataProperties.swift in Sources */,
				B6D89B3C245413AB003942BB /* DealsCell.swift in Sources */,
				B632FAFE2435E09A0072739E /* MapViewController.swift in Sources */,
				FA603B922427056E007B47E7 /* SceneDelegate.swift in Sources */,
			);
			runOnlyForDeploymentPostprocessing = 0;
		};
		FA603BA124270574007B47E7 /* Sources */ = {
			isa = PBXSourcesBuildPhase;
			buildActionMask = 2147483647;
			files = (
				FA603BAA24270574007B47E7 /* MyALLin1Tests.swift in Sources */,
			);
			runOnlyForDeploymentPostprocessing = 0;
		};
		FA603BAC24270574007B47E7 /* Sources */ = {
			isa = PBXSourcesBuildPhase;
			buildActionMask = 2147483647;
			files = (
				FA603BB524270574007B47E7 /* MyALLin1UITests.swift in Sources */,
			);
			runOnlyForDeploymentPostprocessing = 0;
		};
/* End PBXSourcesBuildPhase section */

/* Begin PBXTargetDependency section */
		FA603BA724270574007B47E7 /* PBXTargetDependency */ = {
			isa = PBXTargetDependency;
			target = FA603B8B2427056E007B47E7 /* MyALLin1 */;
			targetProxy = FA603BA624270574007B47E7 /* PBXContainerItemProxy */;
		};
		FA603BB224270574007B47E7 /* PBXTargetDependency */ = {
			isa = PBXTargetDependency;
			target = FA603B8B2427056E007B47E7 /* MyALLin1 */;
			targetProxy = FA603BB124270574007B47E7 /* PBXContainerItemProxy */;
		};
/* End PBXTargetDependency section */

/* Begin PBXVariantGroup section */
		FA603B952427056E007B47E7 /* Main.storyboard */ = {
			isa = PBXVariantGroup;
			children = (
				FA603B962427056E007B47E7 /* Base */,
			);
			name = Main.storyboard;
			sourceTree = "<group>";
		};
		FA603B9D24270574007B47E7 /* LaunchScreen.storyboard */ = {
			isa = PBXVariantGroup;
			children = (
				FA603B9E24270574007B47E7 /* Base */,
			);
			name = LaunchScreen.storyboard;
			sourceTree = "<group>";
		};
/* End PBXVariantGroup section */

/* Begin XCBuildConfiguration section */
		FA603BB724270574007B47E7 /* Debug */ = {
			isa = XCBuildConfiguration;
			buildSettings = {
				ALWAYS_SEARCH_USER_PATHS = NO;
				CLANG_ANALYZER_NONNULL = YES;
				CLANG_ANALYZER_NUMBER_OBJECT_CONVERSION = YES_AGGRESSIVE;
				CLANG_CXX_LANGUAGE_STANDARD = "gnu++14";
				CLANG_CXX_LIBRARY = "libc++";
				CLANG_ENABLE_MODULES = YES;
				CLANG_ENABLE_OBJC_ARC = YES;
				CLANG_ENABLE_OBJC_WEAK = YES;
				CLANG_WARN_BLOCK_CAPTURE_AUTORELEASING = YES;
				CLANG_WARN_BOOL_CONVERSION = YES;
				CLANG_WARN_COMMA = YES;
				CLANG_WARN_CONSTANT_CONVERSION = YES;
				CLANG_WARN_DEPRECATED_OBJC_IMPLEMENTATIONS = YES;
				CLANG_WARN_DIRECT_OBJC_ISA_USAGE = YES_ERROR;
				CLANG_WARN_DOCUMENTATION_COMMENTS = YES;
				CLANG_WARN_EMPTY_BODY = YES;
				CLANG_WARN_ENUM_CONVERSION = YES;
				CLANG_WARN_INFINITE_RECURSION = YES;
				CLANG_WARN_INT_CONVERSION = YES;
				CLANG_WARN_NON_LITERAL_NULL_CONVERSION = YES;
				CLANG_WARN_OBJC_IMPLICIT_RETAIN_SELF = YES;
				CLANG_WARN_OBJC_LITERAL_CONVERSION = YES;
				CLANG_WARN_OBJC_ROOT_CLASS = YES_ERROR;
				CLANG_WARN_RANGE_LOOP_ANALYSIS = YES;
				CLANG_WARN_STRICT_PROTOTYPES = YES;
				CLANG_WARN_SUSPICIOUS_MOVE = YES;
				CLANG_WARN_UNGUARDED_AVAILABILITY = YES_AGGRESSIVE;
				CLANG_WARN_UNREACHABLE_CODE = YES;
				CLANG_WARN__DUPLICATE_METHOD_MATCH = YES;
				COPY_PHASE_STRIP = NO;
				DEBUG_INFORMATION_FORMAT = dwarf;
				ENABLE_STRICT_OBJC_MSGSEND = YES;
				ENABLE_TESTABILITY = YES;
				GCC_C_LANGUAGE_STANDARD = gnu11;
				GCC_DYNAMIC_NO_PIC = NO;
				GCC_NO_COMMON_BLOCKS = YES;
				GCC_OPTIMIZATION_LEVEL = 0;
				GCC_PREPROCESSOR_DEFINITIONS = (
					"DEBUG=1",
					"$(inherited)",
				);
				GCC_WARN_64_TO_32_BIT_CONVERSION = YES;
				GCC_WARN_ABOUT_RETURN_TYPE = YES_ERROR;
				GCC_WARN_UNDECLARED_SELECTOR = YES;
				GCC_WARN_UNINITIALIZED_AUTOS = YES_AGGRESSIVE;
				GCC_WARN_UNUSED_FUNCTION = YES;
				GCC_WARN_UNUSED_VARIABLE = YES;
				IPHONEOS_DEPLOYMENT_TARGET = 13.2;
				MTL_ENABLE_DEBUG_INFO = INCLUDE_SOURCE;
				MTL_FAST_MATH = YES;
				ONLY_ACTIVE_ARCH = YES;
				SDKROOT = iphoneos;
				SWIFT_ACTIVE_COMPILATION_CONDITIONS = DEBUG;
				SWIFT_OPTIMIZATION_LEVEL = "-Onone";
			};
			name = Debug;
		};
		FA603BB824270574007B47E7 /* Release */ = {
			isa = XCBuildConfiguration;
			buildSettings = {
				ALWAYS_SEARCH_USER_PATHS = NO;
				CLANG_ANALYZER_NONNULL = YES;
				CLANG_ANALYZER_NUMBER_OBJECT_CONVERSION = YES_AGGRESSIVE;
				CLANG_CXX_LANGUAGE_STANDARD = "gnu++14";
				CLANG_CXX_LIBRARY = "libc++";
				CLANG_ENABLE_MODULES = YES;
				CLANG_ENABLE_OBJC_ARC = YES;
				CLANG_ENABLE_OBJC_WEAK = YES;
				CLANG_WARN_BLOCK_CAPTURE_AUTORELEASING = YES;
				CLANG_WARN_BOOL_CONVERSION = YES;
				CLANG_WARN_COMMA = YES;
				CLANG_WARN_CONSTANT_CONVERSION = YES;
				CLANG_WARN_DEPRECATED_OBJC_IMPLEMENTATIONS = YES;
				CLANG_WARN_DIRECT_OBJC_ISA_USAGE = YES_ERROR;
				CLANG_WARN_DOCUMENTATION_COMMENTS = YES;
				CLANG_WARN_EMPTY_BODY = YES;
				CLANG_WARN_ENUM_CONVERSION = YES;
				CLANG_WARN_INFINITE_RECURSION = YES;
				CLANG_WARN_INT_CONVERSION = YES;
				CLANG_WARN_NON_LITERAL_NULL_CONVERSION = YES;
				CLANG_WARN_OBJC_IMPLICIT_RETAIN_SELF = YES;
				CLANG_WARN_OBJC_LITERAL_CONVERSION = YES;
				CLANG_WARN_OBJC_ROOT_CLASS = YES_ERROR;
				CLANG_WARN_RANGE_LOOP_ANALYSIS = YES;
				CLANG_WARN_STRICT_PROTOTYPES = YES;
				CLANG_WARN_SUSPICIOUS_MOVE = YES;
				CLANG_WARN_UNGUARDED_AVAILABILITY = YES_AGGRESSIVE;
				CLANG_WARN_UNREACHABLE_CODE = YES;
				CLANG_WARN__DUPLICATE_METHOD_MATCH = YES;
				COPY_PHASE_STRIP = NO;
				DEBUG_INFORMATION_FORMAT = "dwarf-with-dsym";
				ENABLE_NS_ASSERTIONS = NO;
				ENABLE_STRICT_OBJC_MSGSEND = YES;
				GCC_C_LANGUAGE_STANDARD = gnu11;
				GCC_NO_COMMON_BLOCKS = YES;
				GCC_WARN_64_TO_32_BIT_CONVERSION = YES;
				GCC_WARN_ABOUT_RETURN_TYPE = YES_ERROR;
				GCC_WARN_UNDECLARED_SELECTOR = YES;
				GCC_WARN_UNINITIALIZED_AUTOS = YES_AGGRESSIVE;
				GCC_WARN_UNUSED_FUNCTION = YES;
				GCC_WARN_UNUSED_VARIABLE = YES;
				IPHONEOS_DEPLOYMENT_TARGET = 13.2;
				MTL_ENABLE_DEBUG_INFO = NO;
				MTL_FAST_MATH = YES;
				SDKROOT = iphoneos;
				SWIFT_COMPILATION_MODE = wholemodule;
				SWIFT_OPTIMIZATION_LEVEL = "-O";
				VALIDATE_PRODUCT = YES;
			};
			name = Release;
		};
		FA603BBA24270574007B47E7 /* Debug */ = {
			isa = XCBuildConfiguration;
			baseConfigurationReference = 81A6E5DA0E5CDA4FD112AB85 /* Pods-MyALLin1.debug.xcconfig */;
			buildSettings = {
				ASSETCATALOG_COMPILER_APPICON_NAME = AppIcon;
				CODE_SIGN_STYLE = Automatic;
				DEVELOPMENT_TEAM = FPX4YC3HKX;
				INFOPLIST_FILE = MyALLin1/Info.plist;
				IPHONEOS_DEPLOYMENT_TARGET = 13.0;
				LD_RUNPATH_SEARCH_PATHS = (
					"$(inherited)",
					"@executable_path/Frameworks",
				);
				PRODUCT_BUNDLE_IDENTIFIER = com.myallin1.MyALLin1;
				PRODUCT_NAME = "$(TARGET_NAME)";
				SWIFT_VERSION = 5.0;
				TARGETED_DEVICE_FAMILY = 1;
			};
			name = Debug;
		};
		FA603BBB24270574007B47E7 /* Release */ = {
			isa = XCBuildConfiguration;
			baseConfigurationReference = 84876D70DAA39E3A3A2F98A5 /* Pods-MyALLin1.release.xcconfig */;
			buildSettings = {
				ASSETCATALOG_COMPILER_APPICON_NAME = AppIcon;
				CODE_SIGN_STYLE = Automatic;
				DEVELOPMENT_TEAM = FPX4YC3HKX;
				INFOPLIST_FILE = MyALLin1/Info.plist;
				IPHONEOS_DEPLOYMENT_TARGET = 13.0;
				LD_RUNPATH_SEARCH_PATHS = (
					"$(inherited)",
					"@executable_path/Frameworks",
				);
				PRODUCT_BUNDLE_IDENTIFIER = com.myallin1.MyALLin1;
				PRODUCT_NAME = "$(TARGET_NAME)";
				SWIFT_VERSION = 5.0;
				TARGETED_DEVICE_FAMILY = 1;
			};
			name = Release;
		};
		FA603BBD24270574007B47E7 /* Debug */ = {
			isa = XCBuildConfiguration;
			baseConfigurationReference = C21B14C6190C377A4AE6B23C /* Pods-MyALLin1Tests.debug.xcconfig */;
			buildSettings = {
				ALWAYS_EMBED_SWIFT_STANDARD_LIBRARIES = YES;
				BUNDLE_LOADER = "$(TEST_HOST)";
				CODE_SIGN_STYLE = Automatic;
				INFOPLIST_FILE = MyALLin1Tests/Info.plist;
				IPHONEOS_DEPLOYMENT_TARGET = 13.2;
				LD_RUNPATH_SEARCH_PATHS = (
					"$(inherited)",
					"@executable_path/Frameworks",
					"@loader_path/Frameworks",
				);
				PRODUCT_BUNDLE_IDENTIFIER = com.myallin1.MyALLin1Tests;
				PRODUCT_NAME = "$(TARGET_NAME)";
				SWIFT_VERSION = 5.0;
				TARGETED_DEVICE_FAMILY = "1,2";
				TEST_HOST = "$(BUILT_PRODUCTS_DIR)/MyALLin1.app/MyALLin1";
			};
			name = Debug;
		};
		FA603BBE24270574007B47E7 /* Release */ = {
			isa = XCBuildConfiguration;
			baseConfigurationReference = BEBB07100949738F80F5107A /* Pods-MyALLin1Tests.release.xcconfig */;
			buildSettings = {
				ALWAYS_EMBED_SWIFT_STANDARD_LIBRARIES = YES;
				BUNDLE_LOADER = "$(TEST_HOST)";
				CODE_SIGN_STYLE = Automatic;
				INFOPLIST_FILE = MyALLin1Tests/Info.plist;
				IPHONEOS_DEPLOYMENT_TARGET = 13.2;
				LD_RUNPATH_SEARCH_PATHS = (
					"$(inherited)",
					"@executable_path/Frameworks",
					"@loader_path/Frameworks",
				);
				PRODUCT_BUNDLE_IDENTIFIER = com.myallin1.MyALLin1Tests;
				PRODUCT_NAME = "$(TARGET_NAME)";
				SWIFT_VERSION = 5.0;
				TARGETED_DEVICE_FAMILY = "1,2";
				TEST_HOST = "$(BUILT_PRODUCTS_DIR)/MyALLin1.app/MyALLin1";
			};
			name = Release;
		};
		FA603BC024270574007B47E7 /* Debug */ = {
			isa = XCBuildConfiguration;
			baseConfigurationReference = 09C0A72F0157CFA3194D4937 /* Pods-MyALLin1-MyALLin1UITests.debug.xcconfig */;
			buildSettings = {
				ALWAYS_EMBED_SWIFT_STANDARD_LIBRARIES = YES;
				CODE_SIGN_STYLE = Automatic;
				INFOPLIST_FILE = MyALLin1UITests/Info.plist;
				LD_RUNPATH_SEARCH_PATHS = (
					"$(inherited)",
					"@executable_path/Frameworks",
					"@loader_path/Frameworks",
				);
				PRODUCT_BUNDLE_IDENTIFIER = com.myallin1.MyALLin1UITests;
				PRODUCT_NAME = "$(TARGET_NAME)";
				SWIFT_VERSION = 5.0;
				TARGETED_DEVICE_FAMILY = "1,2";
				TEST_TARGET_NAME = MyALLin1;
			};
			name = Debug;
		};
		FA603BC124270574007B47E7 /* Release */ = {
			isa = XCBuildConfiguration;
			baseConfigurationReference = 5EA2F4B2F8C2E14708F43191 /* Pods-MyALLin1-MyALLin1UITests.release.xcconfig */;
			buildSettings = {
				ALWAYS_EMBED_SWIFT_STANDARD_LIBRARIES = YES;
				CODE_SIGN_STYLE = Automatic;
				INFOPLIST_FILE = MyALLin1UITests/Info.plist;
				LD_RUNPATH_SEARCH_PATHS = (
					"$(inherited)",
					"@executable_path/Frameworks",
					"@loader_path/Frameworks",
				);
				PRODUCT_BUNDLE_IDENTIFIER = com.myallin1.MyALLin1UITests;
				PRODUCT_NAME = "$(TARGET_NAME)";
				SWIFT_VERSION = 5.0;
				TARGETED_DEVICE_FAMILY = "1,2";
				TEST_TARGET_NAME = MyALLin1;
			};
			name = Release;
		};
/* End XCBuildConfiguration section */

/* Begin XCConfigurationList section */
		FA603B872427056E007B47E7 /* Build configuration list for PBXProject "MyALLin1" */ = {
			isa = XCConfigurationList;
			buildConfigurations = (
				FA603BB724270574007B47E7 /* Debug */,
				FA603BB824270574007B47E7 /* Release */,
			);
			defaultConfigurationIsVisible = 0;
			defaultConfigurationName = Release;
		};
		FA603BB924270574007B47E7 /* Build configuration list for PBXNativeTarget "MyALLin1" */ = {
			isa = XCConfigurationList;
			buildConfigurations = (
				FA603BBA24270574007B47E7 /* Debug */,
				FA603BBB24270574007B47E7 /* Release */,
			);
			defaultConfigurationIsVisible = 0;
			defaultConfigurationName = Release;
		};
		FA603BBC24270574007B47E7 /* Build configuration list for PBXNativeTarget "MyALLin1Tests" */ = {
			isa = XCConfigurationList;
			buildConfigurations = (
				FA603BBD24270574007B47E7 /* Debug */,
				FA603BBE24270574007B47E7 /* Release */,
			);
			defaultConfigurationIsVisible = 0;
			defaultConfigurationName = Release;
		};
		FA603BBF24270574007B47E7 /* Build configuration list for PBXNativeTarget "MyALLin1UITests" */ = {
			isa = XCConfigurationList;
			buildConfigurations = (
				FA603BC024270574007B47E7 /* Debug */,
				FA603BC124270574007B47E7 /* Release */,
			);
			defaultConfigurationIsVisible = 0;
			defaultConfigurationName = Release;
		};
/* End XCConfigurationList section */

/* Begin XCVersionGroup section */
		FA603B982427056E007B47E7 /* MyALLin1.xcdatamodeld */ = {
			isa = XCVersionGroup;
			children = (
				FA603B992427056E007B47E7 /* MyALLin1.xcdatamodel */,
			);
			currentVersion = FA603B992427056E007B47E7 /* MyALLin1.xcdatamodel */;
			path = MyALLin1.xcdatamodeld;
			sourceTree = "<group>";
			versionGroupType = wrapper.xcdatamodel;
		};
/* End XCVersionGroup section */
	};
	rootObject = FA603B842427056E007B47E7 /* Project object */;
}
